// !$*UTF8*$!
{
	archiveVersion = 1;
	classes = {
	};
	objectVersion = 56;
	objects = {

/* Begin PBXBuildFile section */
		0FAC852E5D236BD3A4F63BB2 /* Pods_Surprise_MeTests.framework in Frameworks */ = {isa = PBXBuildFile; fileRef = 1410E2E9F3C29B4C57F7E308 /* Pods_Surprise_MeTests.framework */; };
		54D62D122B8D2D2100AE21BD /* AppDelegate.swift in Sources */ = {isa = PBXBuildFile; fileRef = 54D62D112B8D2D2100AE21BD /* AppDelegate.swift */; };
		54D62D142B8D2D2100AE21BD /* SceneDelegate.swift in Sources */ = {isa = PBXBuildFile; fileRef = 54D62D132B8D2D2100AE21BD /* SceneDelegate.swift */; };
		54D62D162B8D2D2100AE21BD /* ViewController.swift in Sources */ = {isa = PBXBuildFile; fileRef = 54D62D152B8D2D2100AE21BD /* ViewController.swift */; };
		54D62D192B8D2D2100AE21BD /* Main.storyboard in Resources */ = {isa = PBXBuildFile; fileRef = 54D62D172B8D2D2100AE21BD /* Main.storyboard */; };
		54D62D1B2B8D2D2300AE21BD /* Assets.xcassets in Resources */ = {isa = PBXBuildFile; fileRef = 54D62D1A2B8D2D2300AE21BD /* Assets.xcassets */; };
		54D62D1E2B8D2D2300AE21BD /* LaunchScreen.storyboard in Resources */ = {isa = PBXBuildFile; fileRef = 54D62D1C2B8D2D2300AE21BD /* LaunchScreen.storyboard */; };
		54D62D292B8D2D2300AE21BD /* Surprise_MeTests.swift in Sources */ = {isa = PBXBuildFile; fileRef = 54D62D282B8D2D2300AE21BD /* Surprise_MeTests.swift */; };
		54D62D332B8D2D2300AE21BD /* Surprise_MeUITests.swift in Sources */ = {isa = PBXBuildFile; fileRef = 54D62D322B8D2D2300AE21BD /* Surprise_MeUITests.swift */; };
		54D62D352B8D2D2300AE21BD /* Surprise_MeUITestsLaunchTests.swift in Sources */ = {isa = PBXBuildFile; fileRef = 54D62D342B8D2D2300AE21BD /* Surprise_MeUITestsLaunchTests.swift */; };
		54D62D422B8E8CD900AE21BD /* ChooseViewController.swift in Sources */ = {isa = PBXBuildFile; fileRef = 54D62D412B8E8CD900AE21BD /* ChooseViewController.swift */; };
		54D62D452B8FAEB200AE21BD /* NetworkingCall.swift in Sources */ = {isa = PBXBuildFile; fileRef = 54D62D442B8FAEB200AE21BD /* NetworkingCall.swift */; };
		54D62D482B8FAF6C00AE21BD /* EnterpriseDataModel.swift in Sources */ = {isa = PBXBuildFile; fileRef = 54D62D472B8FAF6C00AE21BD /* EnterpriseDataModel.swift */; };
		54D62D4D2B90925D00AE21BD /* MovieViewController.swift in Sources */ = {isa = PBXBuildFile; fileRef = 54D62D4C2B90925D00AE21BD /* MovieViewController.swift */; };
		54D62D4F2B91178400AE21BD /* MealDataModel.swift in Sources */ = {isa = PBXBuildFile; fileRef = 54D62D4E2B91178400AE21BD /* MealDataModel.swift */; };
		54D62D512B91195F00AE21BD /* FoodViewController.swift in Sources */ = {isa = PBXBuildFile; fileRef = 54D62D502B91195F00AE21BD /* FoodViewController.swift */; };
		54D62D532B91FB7400AE21BD /* Constants.swift in Sources */ = {isa = PBXBuildFile; fileRef = 54D62D522B91FB7300AE21BD /* Constants.swift */; };
		54D62D572B93BEE800AE21BD /* FoodDataManager.swift in Sources */ = {isa = PBXBuildFile; fileRef = 54D62D562B93BEE800AE21BD /* FoodDataManager.swift */; };
		54D62D5C2B96651A00AE21BD /* FooCell.xib in Resources */ = {isa = PBXBuildFile; fileRef = 54D62D5B2B96651A00AE21BD /* FooCell.xib */; };
		54D62D5E2B96656100AE21BD /* FoodCell.swift in Sources */ = {isa = PBXBuildFile; fileRef = 54D62D5D2B96656100AE21BD /* FoodCell.swift */; };
		54D62D612B97747D00AE21BD /* Ingredients.storyboard in Resources */ = {isa = PBXBuildFile; fileRef = 54D62D602B97747D00AE21BD /* Ingredients.storyboard */; };
		54D62D632B9774EE00AE21BD /* IngredientsViewController.swift in Sources */ = {isa = PBXBuildFile; fileRef = 54D62D622B9774EE00AE21BD /* IngredientsViewController.swift */; };
		54D62D652B98ED7400AE21BD /* FoodListViewController.swift in Sources */ = {isa = PBXBuildFile; fileRef = 54D62D642B98ED7300AE21BD /* FoodListViewController.swift */; };
		54D62D672B98EFAA00AE21BD /* FoodListCell.xib in Resources */ = {isa = PBXBuildFile; fileRef = 54D62D662B98EFAA00AE21BD /* FoodListCell.xib */; };
		54D62D692B98EFBA00AE21BD /* FoodListCell.swift in Sources */ = {isa = PBXBuildFile; fileRef = 54D62D682B98EFBA00AE21BD /* FoodListCell.swift */; };
		54D62D6B2B98F4B800AE21BD /* FoodCategoryDataModel.swift in Sources */ = {isa = PBXBuildFile; fileRef = 54D62D6A2B98F4B800AE21BD /* FoodCategoryDataModel.swift */; };
		54D62D6E2BA0990700AE21BD /* Utils.swift in Sources */ = {isa = PBXBuildFile; fileRef = 54D62D6D2BA0990700AE21BD /* Utils.swift */; };
		9BAA17CC916C2EC98ED3D1D1 /* Pods_Surprise_Me.framework in Frameworks */ = {isa = PBXBuildFile; fileRef = 7C56C6B9E4672ACFF0E3B6E7 /* Pods_Surprise_Me.framework */; };
		BC4574EC55375D7ACB131479 /* Pods_Surprise_Me_Surprise_MeUITests.framework in Frameworks */ = {isa = PBXBuildFile; fileRef = 4AB3CC363438FCB6998C34FC /* Pods_Surprise_Me_Surprise_MeUITests.framework */; };
/* End PBXBuildFile section */

/* Begin PBXContainerItemProxy section */
		54D62D252B8D2D2300AE21BD /* PBXContainerItemProxy */ = {
			isa = PBXContainerItemProxy;
			containerPortal = 54D62D062B8D2D2100AE21BD /* Project object */;
			proxyType = 1;
			remoteGlobalIDString = 54D62D0D2B8D2D2100AE21BD;
			remoteInfo = "Surprise Me";
		};
		54D62D2F2B8D2D2300AE21BD /* PBXContainerItemProxy */ = {
			isa = PBXContainerItemProxy;
			containerPortal = 54D62D062B8D2D2100AE21BD /* Project object */;
			proxyType = 1;
			remoteGlobalIDString = 54D62D0D2B8D2D2100AE21BD;
			remoteInfo = "Surprise Me";
		};
/* End PBXContainerItemProxy section */

/* Begin PBXFileReference section */
		1410E2E9F3C29B4C57F7E308 /* Pods_Surprise_MeTests.framework */ = {isa = PBXFileReference; explicitFileType = wrapper.framework; includeInIndex = 0; path = Pods_Surprise_MeTests.framework; sourceTree = BUILT_PRODUCTS_DIR; };
		33475726CF49E80B38AF0E63 /* Pods-Surprise MeTests.release.xcconfig */ = {isa = PBXFileReference; includeInIndex = 1; lastKnownFileType = text.xcconfig; name = "Pods-Surprise MeTests.release.xcconfig"; path = "Target Support Files/Pods-Surprise MeTests/Pods-Surprise MeTests.release.xcconfig"; sourceTree = "<group>"; };
		4AB3CC363438FCB6998C34FC /* Pods_Surprise_Me_Surprise_MeUITests.framework */ = {isa = PBXFileReference; explicitFileType = wrapper.framework; includeInIndex = 0; path = Pods_Surprise_Me_Surprise_MeUITests.framework; sourceTree = BUILT_PRODUCTS_DIR; };
		54D62D0E2B8D2D2100AE21BD /* Surprise Me.app */ = {isa = PBXFileReference; explicitFileType = wrapper.application; includeInIndex = 0; path = "Surprise Me.app"; sourceTree = BUILT_PRODUCTS_DIR; };
		54D62D112B8D2D2100AE21BD /* AppDelegate.swift */ = {isa = PBXFileReference; lastKnownFileType = sourcecode.swift; path = AppDelegate.swift; sourceTree = "<group>"; };
		54D62D132B8D2D2100AE21BD /* SceneDelegate.swift */ = {isa = PBXFileReference; lastKnownFileType = sourcecode.swift; path = SceneDelegate.swift; sourceTree = "<group>"; };
		54D62D152B8D2D2100AE21BD /* ViewController.swift */ = {isa = PBXFileReference; lastKnownFileType = sourcecode.swift; path = ViewController.swift; sourceTree = "<group>"; };
		54D62D182B8D2D2100AE21BD /* Base */ = {isa = PBXFileReference; lastKnownFileType = file.storyboard; name = Base; path = Base.lproj/Main.storyboard; sourceTree = "<group>"; };
		54D62D1A2B8D2D2300AE21BD /* Assets.xcassets */ = {isa = PBXFileReference; lastKnownFileType = folder.assetcatalog; path = Assets.xcassets; sourceTree = "<group>"; };
		54D62D1D2B8D2D2300AE21BD /* Base */ = {isa = PBXFileReference; lastKnownFileType = file.storyboard; name = Base; path = Base.lproj/LaunchScreen.storyboard; sourceTree = "<group>"; };
		54D62D1F2B8D2D2300AE21BD /* Info.plist */ = {isa = PBXFileReference; lastKnownFileType = text.plist.xml; path = Info.plist; sourceTree = "<group>"; };
		54D62D242B8D2D2300AE21BD /* Surprise MeTests.xctest */ = {isa = PBXFileReference; explicitFileType = wrapper.cfbundle; includeInIndex = 0; path = "Surprise MeTests.xctest"; sourceTree = BUILT_PRODUCTS_DIR; };
		54D62D282B8D2D2300AE21BD /* Surprise_MeTests.swift */ = {isa = PBXFileReference; lastKnownFileType = sourcecode.swift; path = Surprise_MeTests.swift; sourceTree = "<group>"; };
		54D62D2E2B8D2D2300AE21BD /* Surprise MeUITests.xctest */ = {isa = PBXFileReference; explicitFileType = wrapper.cfbundle; includeInIndex = 0; path = "Surprise MeUITests.xctest"; sourceTree = BUILT_PRODUCTS_DIR; };
		54D62D322B8D2D2300AE21BD /* Surprise_MeUITests.swift */ = {isa = PBXFileReference; lastKnownFileType = sourcecode.swift; path = Surprise_MeUITests.swift; sourceTree = "<group>"; };
		54D62D342B8D2D2300AE21BD /* Surprise_MeUITestsLaunchTests.swift */ = {isa = PBXFileReference; lastKnownFileType = sourcecode.swift; path = Surprise_MeUITestsLaunchTests.swift; sourceTree = "<group>"; };
		54D62D412B8E8CD900AE21BD /* ChooseViewController.swift */ = {isa = PBXFileReference; lastKnownFileType = sourcecode.swift; path = ChooseViewController.swift; sourceTree = "<group>"; };
		54D62D442B8FAEB200AE21BD /* NetworkingCall.swift */ = {isa = PBXFileReference; lastKnownFileType = sourcecode.swift; path = NetworkingCall.swift; sourceTree = "<group>"; };
		54D62D472B8FAF6C00AE21BD /* EnterpriseDataModel.swift */ = {isa = PBXFileReference; lastKnownFileType = sourcecode.swift; path = EnterpriseDataModel.swift; sourceTree = "<group>"; };
		54D62D4C2B90925D00AE21BD /* MovieViewController.swift */ = {isa = PBXFileReference; lastKnownFileType = sourcecode.swift; path = MovieViewController.swift; sourceTree = "<group>"; };
		54D62D4E2B91178400AE21BD /* MealDataModel.swift */ = {isa = PBXFileReference; lastKnownFileType = sourcecode.swift; path = MealDataModel.swift; sourceTree = "<group>"; };
		54D62D502B91195F00AE21BD /* FoodViewController.swift */ = {isa = PBXFileReference; lastKnownFileType = sourcecode.swift; path = FoodViewController.swift; sourceTree = "<group>"; };
		54D62D522B91FB7300AE21BD /* Constants.swift */ = {isa = PBXFileReference; lastKnownFileType = sourcecode.swift; path = Constants.swift; sourceTree = "<group>"; };
		54D62D562B93BEE800AE21BD /* FoodDataManager.swift */ = {isa = PBXFileReference; lastKnownFileType = sourcecode.swift; path = FoodDataManager.swift; sourceTree = "<group>"; };
		54D62D5B2B96651A00AE21BD /* FooCell.xib */ = {isa = PBXFileReference; lastKnownFileType = file.xib; path = FooCell.xib; sourceTree = "<group>"; };
		54D62D5D2B96656100AE21BD /* FoodCell.swift */ = {isa = PBXFileReference; lastKnownFileType = sourcecode.swift; path = FoodCell.swift; sourceTree = "<group>"; };
		54D62D602B97747D00AE21BD /* Ingredients.storyboard */ = {isa = PBXFileReference; lastKnownFileType = file.storyboard; path = Ingredients.storyboard; sourceTree = "<group>"; };
		54D62D622B9774EE00AE21BD /* IngredientsViewController.swift */ = {isa = PBXFileReference; lastKnownFileType = sourcecode.swift; path = IngredientsViewController.swift; sourceTree = "<group>"; };
		54D62D642B98ED7300AE21BD /* FoodListViewController.swift */ = {isa = PBXFileReference; lastKnownFileType = sourcecode.swift; path = FoodListViewController.swift; sourceTree = "<group>"; };
		54D62D662B98EFAA00AE21BD /* FoodListCell.xib */ = {isa = PBXFileReference; lastKnownFileType = file.xib; path = FoodListCell.xib; sourceTree = "<group>"; };
		54D62D682B98EFBA00AE21BD /* FoodListCell.swift */ = {isa = PBXFileReference; lastKnownFileType = sourcecode.swift; path = FoodListCell.swift; sourceTree = "<group>"; };
		54D62D6A2B98F4B800AE21BD /* FoodCategoryDataModel.swift */ = {isa = PBXFileReference; lastKnownFileType = sourcecode.swift; path = FoodCategoryDataModel.swift; sourceTree = "<group>"; };
		54D62D6D2BA0990700AE21BD /* Utils.swift */ = {isa = PBXFileReference; lastKnownFileType = sourcecode.swift; path = Utils.swift; sourceTree = "<group>"; };
		671E3FEF3872691A2C775E96 /* Pods-Surprise Me.debug.xcconfig */ = {isa = PBXFileReference; includeInIndex = 1; lastKnownFileType = text.xcconfig; name = "Pods-Surprise Me.debug.xcconfig"; path = "Target Support Files/Pods-Surprise Me/Pods-Surprise Me.debug.xcconfig"; sourceTree = "<group>"; };
		76FB7FAB61BF853F6D12B558 /* Pods-Surprise Me.release.xcconfig */ = {isa = PBXFileReference; includeInIndex = 1; lastKnownFileType = text.xcconfig; name = "Pods-Surprise Me.release.xcconfig"; path = "Target Support Files/Pods-Surprise Me/Pods-Surprise Me.release.xcconfig"; sourceTree = "<group>"; };
		7C56C6B9E4672ACFF0E3B6E7 /* Pods_Surprise_Me.framework */ = {isa = PBXFileReference; explicitFileType = wrapper.framework; includeInIndex = 0; path = Pods_Surprise_Me.framework; sourceTree = BUILT_PRODUCTS_DIR; };
		8842A76EF324D2BDC79B235A /* Pods-Surprise Me-Surprise MeUITests.release.xcconfig */ = {isa = PBXFileReference; includeInIndex = 1; lastKnownFileType = text.xcconfig; name = "Pods-Surprise Me-Surprise MeUITests.release.xcconfig"; path = "Target Support Files/Pods-Surprise Me-Surprise MeUITests/Pods-Surprise Me-Surprise MeUITests.release.xcconfig"; sourceTree = "<group>"; };
		C4B2921B7742637F68A2D1DF /* Pods-Surprise Me-Surprise MeUITests.debug.xcconfig */ = {isa = PBXFileReference; includeInIndex = 1; lastKnownFileType = text.xcconfig; name = "Pods-Surprise Me-Surprise MeUITests.debug.xcconfig"; path = "Target Support Files/Pods-Surprise Me-Surprise MeUITests/Pods-Surprise Me-Surprise MeUITests.debug.xcconfig"; sourceTree = "<group>"; };
		DD35C041436BE6F6C8A036BE /* Pods-Surprise MeTests.debug.xcconfig */ = {isa = PBXFileReference; includeInIndex = 1; lastKnownFileType = text.xcconfig; name = "Pods-Surprise MeTests.debug.xcconfig"; path = "Target Support Files/Pods-Surprise MeTests/Pods-Surprise MeTests.debug.xcconfig"; sourceTree = "<group>"; };
/* End PBXFileReference section */

/* Begin PBXFrameworksBuildPhase section */
		54D62D0B2B8D2D2100AE21BD /* Frameworks */ = {
			isa = PBXFrameworksBuildPhase;
			buildActionMask = 2147483647;
			files = (
				9BAA17CC916C2EC98ED3D1D1 /* Pods_Surprise_Me.framework in Frameworks */,
			);
			runOnlyForDeploymentPostprocessing = 0;
		};
		54D62D212B8D2D2300AE21BD /* Frameworks */ = {
			isa = PBXFrameworksBuildPhase;
			buildActionMask = 2147483647;
			files = (
				0FAC852E5D236BD3A4F63BB2 /* Pods_Surprise_MeTests.framework in Frameworks */,
			);
			runOnlyForDeploymentPostprocessing = 0;
		};
		54D62D2B2B8D2D2300AE21BD /* Frameworks */ = {
			isa = PBXFrameworksBuildPhase;
			buildActionMask = 2147483647;
			files = (
				BC4574EC55375D7ACB131479 /* Pods_Surprise_Me_Surprise_MeUITests.framework in Frameworks */,
			);
			runOnlyForDeploymentPostprocessing = 0;
		};
/* End PBXFrameworksBuildPhase section */

/* Begin PBXGroup section */
		08F8DD59C24352E6C4C1DDDB /* Pods */ = {
			isa = PBXGroup;
			children = (
				671E3FEF3872691A2C775E96 /* Pods-Surprise Me.debug.xcconfig */,
				76FB7FAB61BF853F6D12B558 /* Pods-Surprise Me.release.xcconfig */,
				C4B2921B7742637F68A2D1DF /* Pods-Surprise Me-Surprise MeUITests.debug.xcconfig */,
				8842A76EF324D2BDC79B235A /* Pods-Surprise Me-Surprise MeUITests.release.xcconfig */,
				DD35C041436BE6F6C8A036BE /* Pods-Surprise MeTests.debug.xcconfig */,
				33475726CF49E80B38AF0E63 /* Pods-Surprise MeTests.release.xcconfig */,
			);
			path = Pods;
			sourceTree = "<group>";
		};
		32E02B10B58ADD76D3440F18 /* Frameworks */ = {
			isa = PBXGroup;
			children = (
				7C56C6B9E4672ACFF0E3B6E7 /* Pods_Surprise_Me.framework */,
				4AB3CC363438FCB6998C34FC /* Pods_Surprise_Me_Surprise_MeUITests.framework */,
				1410E2E9F3C29B4C57F7E308 /* Pods_Surprise_MeTests.framework */,
			);
			name = Frameworks;
			sourceTree = "<group>";
		};
		54D62D052B8D2D2100AE21BD = {
			isa = PBXGroup;
			children = (
				54D62D102B8D2D2100AE21BD /* Surprise Me */,
				54D62D272B8D2D2300AE21BD /* Surprise MeTests */,
				54D62D312B8D2D2300AE21BD /* Surprise MeUITests */,
				54D62D0F2B8D2D2100AE21BD /* Products */,
				08F8DD59C24352E6C4C1DDDB /* Pods */,
				32E02B10B58ADD76D3440F18 /* Frameworks */,
			);
			sourceTree = "<group>";
		};
		54D62D0F2B8D2D2100AE21BD /* Products */ = {
			isa = PBXGroup;
			children = (
				54D62D0E2B8D2D2100AE21BD /* Surprise Me.app */,
				54D62D242B8D2D2300AE21BD /* Surprise MeTests.xctest */,
				54D62D2E2B8D2D2300AE21BD /* Surprise MeUITests.xctest */,
			);
			name = Products;
			sourceTree = "<group>";
		};
		54D62D102B8D2D2100AE21BD /* Surprise Me */ = {
			isa = PBXGroup;
			children = (
				54D62D6C2BA098F900AE21BD /* Utils */,
				54D62D5F2B97744C00AE21BD /* Views */,
				54D62D582B96645C00AE21BD /* TableViewCells */,
				54D62D4B2B90923100AE21BD /* ViewController */,
				54D62D462B8FAF1700AE21BD /* DataModel */,
				54D62D432B8FAE9B00AE21BD /* Networking */,
				54D62D112B8D2D2100AE21BD /* AppDelegate.swift */,
				54D62D132B8D2D2100AE21BD /* SceneDelegate.swift */,
				54D62D172B8D2D2100AE21BD /* Main.storyboard */,
				54D62D1A2B8D2D2300AE21BD /* Assets.xcassets */,
				54D62D1C2B8D2D2300AE21BD /* LaunchScreen.storyboard */,
				54D62D1F2B8D2D2300AE21BD /* Info.plist */,
				54D62D522B91FB7300AE21BD /* Constants.swift */,
			);
			path = "Surprise Me";
			sourceTree = "<group>";
		};
		54D62D272B8D2D2300AE21BD /* Surprise MeTests */ = {
			isa = PBXGroup;
			children = (
				54D62D282B8D2D2300AE21BD /* Surprise_MeTests.swift */,
			);
			path = "Surprise MeTests";
			sourceTree = "<group>";
		};
		54D62D312B8D2D2300AE21BD /* Surprise MeUITests */ = {
			isa = PBXGroup;
			children = (
				54D62D322B8D2D2300AE21BD /* Surprise_MeUITests.swift */,
				54D62D342B8D2D2300AE21BD /* Surprise_MeUITestsLaunchTests.swift */,
			);
			path = "Surprise MeUITests";
			sourceTree = "<group>";
		};
		54D62D432B8FAE9B00AE21BD /* Networking */ = {
			isa = PBXGroup;
			children = (
				54D62D552B93BEC500AE21BD /* DataManager */,
				54D62D442B8FAEB200AE21BD /* NetworkingCall.swift */,
			);
			path = Networking;
			sourceTree = "<group>";
		};
		54D62D462B8FAF1700AE21BD /* DataModel */ = {
			isa = PBXGroup;
			children = (
				54D62D472B8FAF6C00AE21BD /* EnterpriseDataModel.swift */,
				54D62D4E2B91178400AE21BD /* MealDataModel.swift */,
				54D62D6A2B98F4B800AE21BD /* FoodCategoryDataModel.swift */,
			);
			path = DataModel;
			sourceTree = "<group>";
		};
		54D62D4B2B90923100AE21BD /* ViewController */ = {
			isa = PBXGroup;
			children = (
				54D62D152B8D2D2100AE21BD /* ViewController.swift */,
				54D62D412B8E8CD900AE21BD /* ChooseViewController.swift */,
				54D62D4C2B90925D00AE21BD /* MovieViewController.swift */,
				54D62D502B91195F00AE21BD /* FoodViewController.swift */,
				54D62D622B9774EE00AE21BD /* IngredientsViewController.swift */,
				54D62D642B98ED7300AE21BD /* FoodListViewController.swift */,
			);
			path = ViewController;
			sourceTree = "<group>";
		};
		54D62D552B93BEC500AE21BD /* DataManager */ = {
			isa = PBXGroup;
			children = (
				54D62D562B93BEE800AE21BD /* FoodDataManager.swift */,
			);
			path = DataManager;
			sourceTree = "<group>";
		};
		54D62D582B96645C00AE21BD /* TableViewCells */ = {
			isa = PBXGroup;
			children = (
				54D62D5B2B96651A00AE21BD /* FooCell.xib */,
				54D62D5D2B96656100AE21BD /* FoodCell.swift */,
				54D62D662B98EFAA00AE21BD /* FoodListCell.xib */,
				54D62D682B98EFBA00AE21BD /* FoodListCell.swift */,
			);
			path = TableViewCells;
			sourceTree = "<group>";
		};
		54D62D5F2B97744C00AE21BD /* Views */ = {
			isa = PBXGroup;
			children = (
				54D62D602B97747D00AE21BD /* Ingredients.storyboard */,
			);
			path = Views;
			sourceTree = "<group>";
		};
		54D62D6C2BA098F900AE21BD /* Utils */ = {
			isa = PBXGroup;
			children = (
				54D62D6D2BA0990700AE21BD /* Utils.swift */,
			);
			path = Utils;
			sourceTree = "<group>";
		};
/* End PBXGroup section */

/* Begin PBXNativeTarget section */
		54D62D0D2B8D2D2100AE21BD /* Surprise Me */ = {
			isa = PBXNativeTarget;
			buildConfigurationList = 54D62D382B8D2D2300AE21BD /* Build configuration list for PBXNativeTarget "Surprise Me" */;
			buildPhases = (
				2F1BFFFA26C3C646E01DD439 /* [CP] Check Pods Manifest.lock */,
				54D62D0A2B8D2D2100AE21BD /* Sources */,
				54D62D0B2B8D2D2100AE21BD /* Frameworks */,
				54D62D0C2B8D2D2100AE21BD /* Resources */,
				0D1EB9A02D4A46405359925F /* [CP] Embed Pods Frameworks */,
			);
			buildRules = (
			);
			dependencies = (
			);
			name = "Surprise Me";
			productName = "Surprise Me";
			productReference = 54D62D0E2B8D2D2100AE21BD /* Surprise Me.app */;
			productType = "com.apple.product-type.application";
		};
		54D62D232B8D2D2300AE21BD /* Surprise MeTests */ = {
			isa = PBXNativeTarget;
			buildConfigurationList = 54D62D3B2B8D2D2300AE21BD /* Build configuration list for PBXNativeTarget "Surprise MeTests" */;
			buildPhases = (
				FDE3E694A2ED5968F4E2129C /* [CP] Check Pods Manifest.lock */,
				54D62D202B8D2D2300AE21BD /* Sources */,
				54D62D212B8D2D2300AE21BD /* Frameworks */,
				54D62D222B8D2D2300AE21BD /* Resources */,
			);
			buildRules = (
			);
			dependencies = (
				54D62D262B8D2D2300AE21BD /* PBXTargetDependency */,
			);
			name = "Surprise MeTests";
			productName = "Surprise MeTests";
			productReference = 54D62D242B8D2D2300AE21BD /* Surprise MeTests.xctest */;
			productType = "com.apple.product-type.bundle.unit-test";
		};
		54D62D2D2B8D2D2300AE21BD /* Surprise MeUITests */ = {
			isa = PBXNativeTarget;
			buildConfigurationList = 54D62D3E2B8D2D2300AE21BD /* Build configuration list for PBXNativeTarget "Surprise MeUITests" */;
			buildPhases = (
				577ABD65BAFA07A85B238103 /* [CP] Check Pods Manifest.lock */,
				54D62D2A2B8D2D2300AE21BD /* Sources */,
				54D62D2B2B8D2D2300AE21BD /* Frameworks */,
				54D62D2C2B8D2D2300AE21BD /* Resources */,
				610CDDF8B39989680729AACB /* [CP] Embed Pods Frameworks */,
			);
			buildRules = (
			);
			dependencies = (
				54D62D302B8D2D2300AE21BD /* PBXTargetDependency */,
			);
			name = "Surprise MeUITests";
			productName = "Surprise MeUITests";
			productReference = 54D62D2E2B8D2D2300AE21BD /* Surprise MeUITests.xctest */;
			productType = "com.apple.product-type.bundle.ui-testing";
		};
/* End PBXNativeTarget section */

/* Begin PBXProject section */
		54D62D062B8D2D2100AE21BD /* Project object */ = {
			isa = PBXProject;
			attributes = {
				BuildIndependentTargetsInParallel = 1;
				LastSwiftUpdateCheck = 1500;
				LastUpgradeCheck = 1500;
				TargetAttributes = {
					54D62D0D2B8D2D2100AE21BD = {
						CreatedOnToolsVersion = 15.0.1;
					};
					54D62D232B8D2D2300AE21BD = {
						CreatedOnToolsVersion = 15.0.1;
						TestTargetID = 54D62D0D2B8D2D2100AE21BD;
					};
					54D62D2D2B8D2D2300AE21BD = {
						CreatedOnToolsVersion = 15.0.1;
						TestTargetID = 54D62D0D2B8D2D2100AE21BD;
					};
				};
			};
			buildConfigurationList = 54D62D092B8D2D2100AE21BD /* Build configuration list for PBXProject "Surprise Me" */;
			compatibilityVersion = "Xcode 14.0";
			developmentRegion = en;
			hasScannedForEncodings = 0;
			knownRegions = (
				en,
				Base,
			);
			mainGroup = 54D62D052B8D2D2100AE21BD;
			productRefGroup = 54D62D0F2B8D2D2100AE21BD /* Products */;
			projectDirPath = "";
			projectRoot = "";
			targets = (
				54D62D0D2B8D2D2100AE21BD /* Surprise Me */,
				54D62D232B8D2D2300AE21BD /* Surprise MeTests */,
				54D62D2D2B8D2D2300AE21BD /* Surprise MeUITests */,
			);
		};
/* End PBXProject section */

/* Begin PBXResourcesBuildPhase section */
		54D62D0C2B8D2D2100AE21BD /* Resources */ = {
			isa = PBXResourcesBuildPhase;
			buildActionMask = 2147483647;
			files = (
				54D62D5C2B96651A00AE21BD /* FooCell.xib in Resources */,
				54D62D672B98EFAA00AE21BD /* FoodListCell.xib in Resources */,
				54D62D1E2B8D2D2300AE21BD /* LaunchScreen.storyboard in Resources */,
				54D62D1B2B8D2D2300AE21BD /* Assets.xcassets in Resources */,
				54D62D192B8D2D2100AE21BD /* Main.storyboard in Resources */,
				54D62D612B97747D00AE21BD /* Ingredients.storyboard in Resources */,
			);
			runOnlyForDeploymentPostprocessing = 0;
		};
		54D62D222B8D2D2300AE21BD /* Resources */ = {
			isa = PBXResourcesBuildPhase;
			buildActionMask = 2147483647;
			files = (
			);
			runOnlyForDeploymentPostprocessing = 0;
		};
		54D62D2C2B8D2D2300AE21BD /* Resources */ = {
			isa = PBXResourcesBuildPhase;
			buildActionMask = 2147483647;
			files = (
			);
			runOnlyForDeploymentPostprocessing = 0;
		};
/* End PBXResourcesBuildPhase section */

/* Begin PBXShellScriptBuildPhase section */
		0D1EB9A02D4A46405359925F /* [CP] Embed Pods Frameworks */ = {
			isa = PBXShellScriptBuildPhase;
			buildActionMask = 2147483647;
			files = (
			);
			inputFileListPaths = (
				"${PODS_ROOT}/Target Support Files/Pods-Surprise Me/Pods-Surprise Me-frameworks-${CONFIGURATION}-input-files.xcfilelist",
			);
			name = "[CP] Embed Pods Frameworks";
			outputFileListPaths = (
				"${PODS_ROOT}/Target Support Files/Pods-Surprise Me/Pods-Surprise Me-frameworks-${CONFIGURATION}-output-files.xcfilelist",
			);
			runOnlyForDeploymentPostprocessing = 0;
			shellPath = /bin/sh;
			shellScript = "\"${PODS_ROOT}/Target Support Files/Pods-Surprise Me/Pods-Surprise Me-frameworks.sh\"\n";
			showEnvVarsInLog = 0;
		};
		2F1BFFFA26C3C646E01DD439 /* [CP] Check Pods Manifest.lock */ = {
			isa = PBXShellScriptBuildPhase;
			buildActionMask = 2147483647;
			files = (
			);
			inputFileListPaths = (
			);
			inputPaths = (
				"${PODS_PODFILE_DIR_PATH}/Podfile.lock",
				"${PODS_ROOT}/Manifest.lock",
			);
			name = "[CP] Check Pods Manifest.lock";
			outputFileListPaths = (
			);
			outputPaths = (
				"$(DERIVED_FILE_DIR)/Pods-Surprise Me-checkManifestLockResult.txt",
			);
			runOnlyForDeploymentPostprocessing = 0;
			shellPath = /bin/sh;
			shellScript = "diff \"${PODS_PODFILE_DIR_PATH}/Podfile.lock\" \"${PODS_ROOT}/Manifest.lock\" > /dev/null\nif [ $? != 0 ] ; then\n    # print error to STDERR\n    echo \"error: The sandbox is not in sync with the Podfile.lock. Run 'pod install' or update your CocoaPods installation.\" >&2\n    exit 1\nfi\n# This output is used by Xcode 'outputs' to avoid re-running this script phase.\necho \"SUCCESS\" > \"${SCRIPT_OUTPUT_FILE_0}\"\n";
			showEnvVarsInLog = 0;
		};
		577ABD65BAFA07A85B238103 /* [CP] Check Pods Manifest.lock */ = {
			isa = PBXShellScriptBuildPhase;
			buildActionMask = 2147483647;
			files = (
			);
			inputFileListPaths = (
			);
			inputPaths = (
				"${PODS_PODFILE_DIR_PATH}/Podfile.lock",
				"${PODS_ROOT}/Manifest.lock",
			);
			name = "[CP] Check Pods Manifest.lock";
			outputFileListPaths = (
			);
			outputPaths = (
				"$(DERIVED_FILE_DIR)/Pods-Surprise Me-Surprise MeUITests-checkManifestLockResult.txt",
			);
			runOnlyForDeploymentPostprocessing = 0;
			shellPath = /bin/sh;
			shellScript = "diff \"${PODS_PODFILE_DIR_PATH}/Podfile.lock\" \"${PODS_ROOT}/Manifest.lock\" > /dev/null\nif [ $? != 0 ] ; then\n    # print error to STDERR\n    echo \"error: The sandbox is not in sync with the Podfile.lock. Run 'pod install' or update your CocoaPods installation.\" >&2\n    exit 1\nfi\n# This output is used by Xcode 'outputs' to avoid re-running this script phase.\necho \"SUCCESS\" > \"${SCRIPT_OUTPUT_FILE_0}\"\n";
			showEnvVarsInLog = 0;
		};
		610CDDF8B39989680729AACB /* [CP] Embed Pods Frameworks */ = {
			isa = PBXShellScriptBuildPhase;
			buildActionMask = 2147483647;
			files = (
			);
			inputFileListPaths = (
				"${PODS_ROOT}/Target Support Files/Pods-Surprise Me-Surprise MeUITests/Pods-Surprise Me-Surprise MeUITests-frameworks-${CONFIGURATION}-input-files.xcfilelist",
			);
			name = "[CP] Embed Pods Frameworks";
			outputFileListPaths = (
				"${PODS_ROOT}/Target Support Files/Pods-Surprise Me-Surprise MeUITests/Pods-Surprise Me-Surprise MeUITests-frameworks-${CONFIGURATION}-output-files.xcfilelist",
			);
			runOnlyForDeploymentPostprocessing = 0;
			shellPath = /bin/sh;
			shellScript = "\"${PODS_ROOT}/Target Support Files/Pods-Surprise Me-Surprise MeUITests/Pods-Surprise Me-Surprise MeUITests-frameworks.sh\"\n";
			showEnvVarsInLog = 0;
		};
		FDE3E694A2ED5968F4E2129C /* [CP] Check Pods Manifest.lock */ = {
			isa = PBXShellScriptBuildPhase;
			buildActionMask = 2147483647;
			files = (
			);
			inputFileListPaths = (
			);
			inputPaths = (
				"${PODS_PODFILE_DIR_PATH}/Podfile.lock",
				"${PODS_ROOT}/Manifest.lock",
			);
			name = "[CP] Check Pods Manifest.lock";
			outputFileListPaths = (
			);
			outputPaths = (
				"$(DERIVED_FILE_DIR)/Pods-Surprise MeTests-checkManifestLockResult.txt",
			);
			runOnlyForDeploymentPostprocessing = 0;
			shellPath = /bin/sh;
			shellScript = "diff \"${PODS_PODFILE_DIR_PATH}/Podfile.lock\" \"${PODS_ROOT}/Manifest.lock\" > /dev/null\nif [ $? != 0 ] ; then\n    # print error to STDERR\n    echo \"error: The sandbox is not in sync with the Podfile.lock. Run 'pod install' or update your CocoaPods installation.\" >&2\n    exit 1\nfi\n# This output is used by Xcode 'outputs' to avoid re-running this script phase.\necho \"SUCCESS\" > \"${SCRIPT_OUTPUT_FILE_0}\"\n";
			showEnvVarsInLog = 0;
		};
/* End PBXShellScriptBuildPhase section */

/* Begin PBXSourcesBuildPhase section */
		54D62D0A2B8D2D2100AE21BD /* Sources */ = {
			isa = PBXSourcesBuildPhase;
			buildActionMask = 2147483647;
			files = (
				54D62D632B9774EE00AE21BD /* IngredientsViewController.swift in Sources */,
				54D62D4F2B91178400AE21BD /* MealDataModel.swift in Sources */,
				54D62D5E2B96656100AE21BD /* FoodCell.swift in Sources */,
				54D62D162B8D2D2100AE21BD /* ViewController.swift in Sources */,
				54D62D4D2B90925D00AE21BD /* MovieViewController.swift in Sources */,
				54D62D422B8E8CD900AE21BD /* ChooseViewController.swift in Sources */,
				54D62D512B91195F00AE21BD /* FoodViewController.swift in Sources */,
				54D62D6B2B98F4B800AE21BD /* FoodCategoryDataModel.swift in Sources */,
				54D62D532B91FB7400AE21BD /* Constants.swift in Sources */,
				54D62D6E2BA0990700AE21BD /* Utils.swift in Sources */,
				54D62D652B98ED7400AE21BD /* FoodListViewController.swift in Sources */,
				54D62D482B8FAF6C00AE21BD /* EnterpriseDataModel.swift in Sources */,
				54D62D572B93BEE800AE21BD /* FoodDataManager.swift in Sources */,
				54D62D122B8D2D2100AE21BD /* AppDelegate.swift in Sources */,
				54D62D142B8D2D2100AE21BD /* SceneDelegate.swift in Sources */,
				54D62D452B8FAEB200AE21BD /* NetworkingCall.swift in Sources */,
				54D62D692B98EFBA00AE21BD /* FoodListCell.swift in Sources */,
			);
			runOnlyForDeploymentPostprocessing = 0;
		};
		54D62D202B8D2D2300AE21BD /* Sources */ = {
			isa = PBXSourcesBuildPhase;
			buildActionMask = 2147483647;
			files = (
				54D62D292B8D2D2300AE21BD /* Surprise_MeTests.swift in Sources */,
			);
			runOnlyForDeploymentPostprocessing = 0;
		};
		54D62D2A2B8D2D2300AE21BD /* Sources */ = {
			isa = PBXSourcesBuildPhase;
			buildActionMask = 2147483647;
			files = (
				54D62D332B8D2D2300AE21BD /* Surprise_MeUITests.swift in Sources */,
				54D62D352B8D2D2300AE21BD /* Surprise_MeUITestsLaunchTests.swift in Sources */,
			);
			runOnlyForDeploymentPostprocessing = 0;
		};
/* End PBXSourcesBuildPhase section */

/* Begin PBXTargetDependency section */
		54D62D262B8D2D2300AE21BD /* PBXTargetDependency */ = {
			isa = PBXTargetDependency;
			target = 54D62D0D2B8D2D2100AE21BD /* Surprise Me */;
			targetProxy = 54D62D252B8D2D2300AE21BD /* PBXContainerItemProxy */;
		};
		54D62D302B8D2D2300AE21BD /* PBXTargetDependency */ = {
			isa = PBXTargetDependency;
			target = 54D62D0D2B8D2D2100AE21BD /* Surprise Me */;
			targetProxy = 54D62D2F2B8D2D2300AE21BD /* PBXContainerItemProxy */;
		};
/* End PBXTargetDependency section */

/* Begin PBXVariantGroup section */
		54D62D172B8D2D2100AE21BD /* Main.storyboard */ = {
			isa = PBXVariantGroup;
			children = (
				54D62D182B8D2D2100AE21BD /* Base */,
			);
			name = Main.storyboard;
			sourceTree = "<group>";
		};
		54D62D1C2B8D2D2300AE21BD /* LaunchScreen.storyboard */ = {
			isa = PBXVariantGroup;
			children = (
				54D62D1D2B8D2D2300AE21BD /* Base */,
			);
			name = LaunchScreen.storyboard;
			sourceTree = "<group>";
		};
/* End PBXVariantGroup section */

/* Begin XCBuildConfiguration section */
		54D62D362B8D2D2300AE21BD /* Debug */ = {
			isa = XCBuildConfiguration;
			buildSettings = {
				ALWAYS_SEARCH_USER_PATHS = NO;
				ASSETCATALOG_COMPILER_GENERATE_SWIFT_ASSET_SYMBOL_EXTENSIONS = YES;
				CLANG_ANALYZER_NONNULL = YES;
				CLANG_ANALYZER_NUMBER_OBJECT_CONVERSION = YES_AGGRESSIVE;
				CLANG_CXX_LANGUAGE_STANDARD = "gnu++20";
				CLANG_ENABLE_MODULES = YES;
				CLANG_ENABLE_OBJC_ARC = YES;
				CLANG_ENABLE_OBJC_WEAK = YES;
				CLANG_WARN_BLOCK_CAPTURE_AUTORELEASING = YES;
				CLANG_WARN_BOOL_CONVERSION = YES;
				CLANG_WARN_COMMA = YES;
				CLANG_WARN_CONSTANT_CONVERSION = YES;
				CLANG_WARN_DEPRECATED_OBJC_IMPLEMENTATIONS = YES;
				CLANG_WARN_DIRECT_OBJC_ISA_USAGE = YES_ERROR;
				CLANG_WARN_DOCUMENTATION_COMMENTS = YES;
				CLANG_WARN_EMPTY_BODY = YES;
				CLANG_WARN_ENUM_CONVERSION = YES;
				CLANG_WARN_INFINITE_RECURSION = YES;
				CLANG_WARN_INT_CONVERSION = YES;
				CLANG_WARN_NON_LITERAL_NULL_CONVERSION = YES;
				CLANG_WARN_OBJC_IMPLICIT_RETAIN_SELF = YES;
				CLANG_WARN_OBJC_LITERAL_CONVERSION = YES;
				CLANG_WARN_OBJC_ROOT_CLASS = YES_ERROR;
				CLANG_WARN_QUOTED_INCLUDE_IN_FRAMEWORK_HEADER = YES;
				CLANG_WARN_RANGE_LOOP_ANALYSIS = YES;
				CLANG_WARN_STRICT_PROTOTYPES = YES;
				CLANG_WARN_SUSPICIOUS_MOVE = YES;
				CLANG_WARN_UNGUARDED_AVAILABILITY = YES_AGGRESSIVE;
				CLANG_WARN_UNREACHABLE_CODE = YES;
				CLANG_WARN__DUPLICATE_METHOD_MATCH = YES;
				COPY_PHASE_STRIP = NO;
				DEBUG_INFORMATION_FORMAT = dwarf;
				ENABLE_STRICT_OBJC_MSGSEND = YES;
				ENABLE_TESTABILITY = YES;
				ENABLE_USER_SCRIPT_SANDBOXING = YES;
				GCC_C_LANGUAGE_STANDARD = gnu17;
				GCC_DYNAMIC_NO_PIC = NO;
				GCC_NO_COMMON_BLOCKS = YES;
				GCC_OPTIMIZATION_LEVEL = 0;
				GCC_PREPROCESSOR_DEFINITIONS = (
					"DEBUG=1",
					"$(inherited)",
				);
				GCC_WARN_64_TO_32_BIT_CONVERSION = YES;
				GCC_WARN_ABOUT_RETURN_TYPE = YES_ERROR;
				GCC_WARN_UNDECLARED_SELECTOR = YES;
				GCC_WARN_UNINITIALIZED_AUTOS = YES_AGGRESSIVE;
				GCC_WARN_UNUSED_FUNCTION = YES;
				GCC_WARN_UNUSED_VARIABLE = YES;
				IPHONEOS_DEPLOYMENT_TARGET = 17.0;
				LOCALIZATION_PREFERS_STRING_CATALOGS = YES;
				MTL_ENABLE_DEBUG_INFO = INCLUDE_SOURCE;
				MTL_FAST_MATH = YES;
				ONLY_ACTIVE_ARCH = YES;
				SDKROOT = iphoneos;
				SWIFT_ACTIVE_COMPILATION_CONDITIONS = "DEBUG $(inherited)";
				SWIFT_OPTIMIZATION_LEVEL = "-Onone";
			};
			name = Debug;
		};
		54D62D372B8D2D2300AE21BD /* Release */ = {
			isa = XCBuildConfiguration;
			buildSettings = {
				ALWAYS_SEARCH_USER_PATHS = NO;
				ASSETCATALOG_COMPILER_GENERATE_SWIFT_ASSET_SYMBOL_EXTENSIONS = YES;
				CLANG_ANALYZER_NONNULL = YES;
				CLANG_ANALYZER_NUMBER_OBJECT_CONVERSION = YES_AGGRESSIVE;
				CLANG_CXX_LANGUAGE_STANDARD = "gnu++20";
				CLANG_ENABLE_MODULES = YES;
				CLANG_ENABLE_OBJC_ARC = YES;
				CLANG_ENABLE_OBJC_WEAK = YES;
				CLANG_WARN_BLOCK_CAPTURE_AUTORELEASING = YES;
				CLANG_WARN_BOOL_CONVERSION = YES;
				CLANG_WARN_COMMA = YES;
				CLANG_WARN_CONSTANT_CONVERSION = YES;
				CLANG_WARN_DEPRECATED_OBJC_IMPLEMENTATIONS = YES;
				CLANG_WARN_DIRECT_OBJC_ISA_USAGE = YES_ERROR;
				CLANG_WARN_DOCUMENTATION_COMMENTS = YES;
				CLANG_WARN_EMPTY_BODY = YES;
				CLANG_WARN_ENUM_CONVERSION = YES;
				CLANG_WARN_INFINITE_RECURSION = YES;
				CLANG_WARN_INT_CONVERSION = YES;
				CLANG_WARN_NON_LITERAL_NULL_CONVERSION = YES;
				CLANG_WARN_OBJC_IMPLICIT_RETAIN_SELF = YES;
				CLANG_WARN_OBJC_LITERAL_CONVERSION = YES;
				CLANG_WARN_OBJC_ROOT_CLASS = YES_ERROR;
				CLANG_WARN_QUOTED_INCLUDE_IN_FRAMEWORK_HEADER = YES;
				CLANG_WARN_RANGE_LOOP_ANALYSIS = YES;
				CLANG_WARN_STRICT_PROTOTYPES = YES;
				CLANG_WARN_SUSPICIOUS_MOVE = YES;
				CLANG_WARN_UNGUARDED_AVAILABILITY = YES_AGGRESSIVE;
				CLANG_WARN_UNREACHABLE_CODE = YES;
				CLANG_WARN__DUPLICATE_METHOD_MATCH = YES;
				COPY_PHASE_STRIP = NO;
				DEBUG_INFORMATION_FORMAT = "dwarf-with-dsym";
				ENABLE_NS_ASSERTIONS = NO;
				ENABLE_STRICT_OBJC_MSGSEND = YES;
				ENABLE_USER_SCRIPT_SANDBOXING = YES;
				GCC_C_LANGUAGE_STANDARD = gnu17;
				GCC_NO_COMMON_BLOCKS = YES;
				GCC_WARN_64_TO_32_BIT_CONVERSION = YES;
				GCC_WARN_ABOUT_RETURN_TYPE = YES_ERROR;
				GCC_WARN_UNDECLARED_SELECTOR = YES;
				GCC_WARN_UNINITIALIZED_AUTOS = YES_AGGRESSIVE;
				GCC_WARN_UNUSED_FUNCTION = YES;
				GCC_WARN_UNUSED_VARIABLE = YES;
				IPHONEOS_DEPLOYMENT_TARGET = 17.0;
				LOCALIZATION_PREFERS_STRING_CATALOGS = YES;
				MTL_ENABLE_DEBUG_INFO = NO;
				MTL_FAST_MATH = YES;
				SDKROOT = iphoneos;
				SWIFT_COMPILATION_MODE = wholemodule;
				VALIDATE_PRODUCT = YES;
			};
			name = Release;
		};
		54D62D392B8D2D2300AE21BD /* Debug */ = {
			isa = XCBuildConfiguration;
			baseConfigurationReference = 671E3FEF3872691A2C775E96 /* Pods-Surprise Me.debug.xcconfig */;
			buildSettings = {
				ASSETCATALOG_COMPILER_APPICON_NAME = AppIcon;
				ASSETCATALOG_COMPILER_GLOBAL_ACCENT_COLOR_NAME = AccentColor;
				CODE_SIGN_STYLE = Automatic;
				CURRENT_PROJECT_VERSION = 1;
				DEVELOPMENT_TEAM = Z9S7A2G98R;
				ENABLE_USER_SCRIPT_SANDBOXING = NO;
				GENERATE_INFOPLIST_FILE = YES;
				INFOPLIST_FILE = "Surprise Me/Info.plist";
				INFOPLIST_KEY_UIApplicationSupportsIndirectInputEvents = YES;
				INFOPLIST_KEY_UILaunchStoryboardName = LaunchScreen;
				INFOPLIST_KEY_UIMainStoryboardFile = Main;
				INFOPLIST_KEY_UISupportedInterfaceOrientations_iPad = "UIInterfaceOrientationPortrait UIInterfaceOrientationPortraitUpsideDown UIInterfaceOrientationLandscapeLeft UIInterfaceOrientationLandscapeRight";
				INFOPLIST_KEY_UISupportedInterfaceOrientations_iPhone = "UIInterfaceOrientationPortrait UIInterfaceOrientationLandscapeLeft UIInterfaceOrientationLandscapeRight";
				LD_RUNPATH_SEARCH_PATHS = (
					"$(inherited)",
					"@executable_path/Frameworks",
				);
				MARKETING_VERSION = 1.0;
				PRODUCT_BUNDLE_IDENTIFIER = "com.bruno.Surprise-Me";
				PRODUCT_NAME = "$(TARGET_NAME)";
				SWIFT_EMIT_LOC_STRINGS = YES;
				SWIFT_VERSION = 5.0;
				TARGETED_DEVICE_FAMILY = "1,2";
			};
			name = Debug;
		};
		54D62D3A2B8D2D2300AE21BD /* Release */ = {
			isa = XCBuildConfiguration;
			baseConfigurationReference = 76FB7FAB61BF853F6D12B558 /* Pods-Surprise Me.release.xcconfig */;
			buildSettings = {
				ASSETCATALOG_COMPILER_APPICON_NAME = AppIcon;
				ASSETCATALOG_COMPILER_GLOBAL_ACCENT_COLOR_NAME = AccentColor;
				CODE_SIGN_STYLE = Automatic;
				CURRENT_PROJECT_VERSION = 1;
				DEVELOPMENT_TEAM = Z9S7A2G98R;
				ENABLE_USER_SCRIPT_SANDBOXING = NO;
				GENERATE_INFOPLIST_FILE = YES;
				INFOPLIST_FILE = "Surprise Me/Info.plist";
				INFOPLIST_KEY_UIApplicationSupportsIndirectInputEvents = YES;
				INFOPLIST_KEY_UILaunchStoryboardName = LaunchScreen;
				INFOPLIST_KEY_UIMainStoryboardFile = Main;
				INFOPLIST_KEY_UISupportedInterfaceOrientations_iPad = "UIInterfaceOrientationPortrait UIInterfaceOrientationPortraitUpsideDown UIInterfaceOrientationLandscapeLeft UIInterfaceOrientationLandscapeRight";
				INFOPLIST_KEY_UISupportedInterfaceOrientations_iPhone = "UIInterfaceOrientationPortrait UIInterfaceOrientationLandscapeLeft UIInterfaceOrientationLandscapeRight";
				LD_RUNPATH_SEARCH_PATHS = (
					"$(inherited)",
					"@executable_path/Frameworks",
				);
				MARKETING_VERSION = 1.0;
				PRODUCT_BUNDLE_IDENTIFIER = "com.bruno.Surprise-Me";
				PRODUCT_NAME = "$(TARGET_NAME)";
				SWIFT_EMIT_LOC_STRINGS = YES;
				SWIFT_VERSION = 5.0;
				TARGETED_DEVICE_FAMILY = "1,2";
			};
			name = Release;
		};
		54D62D3C2B8D2D2300AE21BD /* Debug */ = {
			isa = XCBuildConfiguration;
			baseConfigurationReference = DD35C041436BE6F6C8A036BE /* Pods-Surprise MeTests.debug.xcconfig */;
			buildSettings = {
				ALWAYS_EMBED_SWIFT_STANDARD_LIBRARIES = YES;
				BUNDLE_LOADER = "$(TEST_HOST)";
				CODE_SIGN_STYLE = Automatic;
				CURRENT_PROJECT_VERSION = 1;
				DEVELOPMENT_TEAM = Z9S7A2G98R;
				GENERATE_INFOPLIST_FILE = YES;
				IPHONEOS_DEPLOYMENT_TARGET = 17.0;
				MARKETING_VERSION = 1.0;
				PRODUCT_BUNDLE_IDENTIFIER = "com.bruno.Surprise-MeTests";
				PRODUCT_NAME = "$(TARGET_NAME)";
				SWIFT_EMIT_LOC_STRINGS = NO;
				SWIFT_VERSION = 5.0;
				TARGETED_DEVICE_FAMILY = "1,2";
				TEST_HOST = "$(BUILT_PRODUCTS_DIR)/Surprise Me.app/$(BUNDLE_EXECUTABLE_FOLDER_PATH)/Surprise Me";
			};
			name = Debug;
		};
		54D62D3D2B8D2D2300AE21BD /* Release */ = {
			isa = XCBuildConfiguration;
			baseConfigurationReference = 33475726CF49E80B38AF0E63 /* Pods-Surprise MeTests.release.xcconfig */;
			buildSettings = {
				ALWAYS_EMBED_SWIFT_STANDARD_LIBRARIES = YES;
				BUNDLE_LOADER = "$(TEST_HOST)";
				CODE_SIGN_STYLE = Automatic;
				CURRENT_PROJECT_VERSION = 1;
				DEVELOPMENT_TEAM = Z9S7A2G98R;
				GENERATE_INFOPLIST_FILE = YES;
				IPHONEOS_DEPLOYMENT_TARGET = 17.0;
				MARKETING_VERSION = 1.0;
				PRODUCT_BUNDLE_IDENTIFIER = "com.bruno.Surprise-MeTests";
				PRODUCT_NAME = "$(TARGET_NAME)";
				SWIFT_EMIT_LOC_STRINGS = NO;
				SWIFT_VERSION = 5.0;
				TARGETED_DEVICE_FAMILY = "1,2";
				TEST_HOST = "$(BUILT_PRODUCTS_DIR)/Surprise Me.app/$(BUNDLE_EXECUTABLE_FOLDER_PATH)/Surprise Me";
			};
			name = Release;
		};
		54D62D3F2B8D2D2300AE21BD /* Debug */ = {
			isa = XCBuildConfiguration;
			baseConfigurationReference = C4B2921B7742637F68A2D1DF /* Pods-Surprise Me-Surprise MeUITests.debug.xcconfig */;
			buildSettings = {
				ALWAYS_EMBED_SWIFT_STANDARD_LIBRARIES = YES;
				CODE_SIGN_STYLE = Automatic;
				CURRENT_PROJECT_VERSION = 1;
				DEVELOPMENT_TEAM = Z9S7A2G98R;
				GENERATE_INFOPLIST_FILE = YES;
				MARKETING_VERSION = 1.0;
				PRODUCT_BUNDLE_IDENTIFIER = "com.bruno.Surprise-MeUITests";
				PRODUCT_NAME = "$(TARGET_NAME)";
				SWIFT_EMIT_LOC_STRINGS = NO;
				SWIFT_VERSION = 5.0;
				TARGETED_DEVICE_FAMILY = "1,2";
				TEST_TARGET_NAME = "Surprise Me";
			};
			name = Debug;
		};
		54D62D402B8D2D2300AE21BD /* Release */ = {
			isa = XCBuildConfiguration;
			baseConfigurationReference = 8842A76EF324D2BDC79B235A /* Pods-Surprise Me-Surprise MeUITests.release.xcconfig */;
			buildSettings = {
				ALWAYS_EMBED_SWIFT_STANDARD_LIBRARIES = YES;
				CODE_SIGN_STYLE = Automatic;
				CURRENT_PROJECT_VERSION = 1;
				DEVELOPMENT_TEAM = Z9S7A2G98R;
				GENERATE_INFOPLIST_FILE = YES;
				MARKETING_VERSION = 1.0;
				PRODUCT_BUNDLE_IDENTIFIER = "com.bruno.Surprise-MeUITests";
				PRODUCT_NAME = "$(TARGET_NAME)";
				SWIFT_EMIT_LOC_STRINGS = NO;
				SWIFT_VERSION = 5.0;
				TARGETED_DEVICE_FAMILY = "1,2";
				TEST_TARGET_NAME = "Surprise Me";
			};
			name = Release;
		};
/* End XCBuildConfiguration section */

/* Begin XCConfigurationList section */
		54D62D092B8D2D2100AE21BD /* Build configuration list for PBXProject "Surprise Me" */ = {
			isa = XCConfigurationList;
			buildConfigurations = (
				54D62D362B8D2D2300AE21BD /* Debug */,
				54D62D372B8D2D2300AE21BD /* Release */,
			);
			defaultConfigurationIsVisible = 0;
			defaultConfigurationName = Release;
		};
		54D62D382B8D2D2300AE21BD /* Build configuration list for PBXNativeTarget "Surprise Me" */ = {
			isa = XCConfigurationList;
			buildConfigurations = (
				54D62D392B8D2D2300AE21BD /* Debug */,
				54D62D3A2B8D2D2300AE21BD /* Release */,
			);
			defaultConfigurationIsVisible = 0;
			defaultConfigurationName = Release;
		};
		54D62D3B2B8D2D2300AE21BD /* Build configuration list for PBXNativeTarget "Surprise MeTests" */ = {
			isa = XCConfigurationList;
			buildConfigurations = (
				54D62D3C2B8D2D2300AE21BD /* Debug */,
				54D62D3D2B8D2D2300AE21BD /* Release */,
			);
			defaultConfigurationIsVisible = 0;
			defaultConfigurationName = Release;
		};
		54D62D3E2B8D2D2300AE21BD /* Build configuration list for PBXNativeTarget "Surprise MeUITests" */ = {
			isa = XCConfigurationList;
			buildConfigurations = (
				54D62D3F2B8D2D2300AE21BD /* Debug */,
				54D62D402B8D2D2300AE21BD /* Release */,
			);
			defaultConfigurationIsVisible = 0;
			defaultConfigurationName = Release;
		};
/* End XCConfigurationList section */
	};
	rootObject = 54D62D062B8D2D2100AE21BD /* Project object */;
}
